{
  "name": "@heather-turano-coaching/platform",
  "version": "1.0.0",
  "lockfileVersion": 1,
  "requires": true,
  "dependencies": {
    "@prisma/cli": {
      "version": "2.0.0-beta.6",
      "resolved": "https://registry.npmjs.org/@prisma/cli/-/cli-2.0.0-beta.6.tgz",
      "integrity": "sha512-qawcjLN5c26T+IVZij5WjQocfsV6b1BtJIL3CqMQfMkDCNGo/zXsu+NB+uyZ+QRqctEuJQ36lemnY44+k6L8XA==",
      "dev": true
    },
    "@prisma/client": {
      "version": "2.0.0-beta.6",
      "resolved": "https://registry.npmjs.org/@prisma/client/-/client-2.0.0-beta.6.tgz",
      "integrity": "sha512-08AokCpMzL6SdxQVfShD7937t+sHntr6FJBpVKq5E/UFPVh0B2lUwU9YrA/MIAdRpGMg1wA+rdwRivtFIs5Law=="
    }
  }
}
